
Microsoft Visual Studio Solution File, Format Version 12.00
# Visual Studio Version 16
VisualStudioVersion = 16.0.31112.23
MinimumVisualStudioVersion = 10.0.40219.1
Project("{FAE04EC0-301F-11D3-BF4B-00C04F79EFBC}") = "BookStore-API", "BookStore-API\BookStore-API.csproj", "{A81D86DE-BAF0-4B36-8C47-1CD576CC20B1}"
EndProject
Global
	GlobalSection(SolutionConfigurationPlatforms) = preSolution
		Debug|Any CPU = Debug|Any CPU
		Release|Any CPU = Release|Any CPU
	EndGlobalSection
	GlobalSection(ProjectConfigurationPlatforms) = postSolution
		{A81D86DE-BAF0-4B36-8C47-1CD576CC20B1}.Debug|Any CPU.ActiveCfg = Debug|Any CPU
		{A81D86DE-BAF0-4B36-8C47-1CD576CC20B1}.Debug|Any CPU.Build.0 = Debug|Any CPU
		{A81D86DE-BAF0-4B36-8C47-1CD576CC20B1}.Release|Any CPU.ActiveCfg = Release|Any CPU
		{A81D86DE-BAF0-4B36-8C47-1CD576CC20B1}.Release|Any CPU.Build.0 = Release|Any CPU
	EndGlobalSection
	GlobalSection(SolutionProperties) = preSolution
		HideSolutionNode = FALSE
	EndGlobalSection
	GlobalSection(ExtensibilityGlobals) = postSolution
		SolutionGuid = {C1497137-F522-4B7C-A167-865F01836326}
	EndGlobalSection
EndGlobal
